
Microsoft Visual Studio Solution File, Format Version 12.00
# Visual Studio 15
VisualStudioVersion = 15.0.28307.960
MinimumVisualStudioVersion = 10.0.40219.1
Project("{FAE04EC0-301F-11D3-BF4B-00C04F79EFBC}") = "CatalogManagementSystem", "CatalogManagementSystem\CatalogManagementSystem.csproj", "{1185572A-F6BF-46BE-83DA-0DD6AFFDF13C}"
EndProject
Project("{FAE04EC0-301F-11D3-BF4B-00C04F79EFBC}") = "CatalogManagement.Service", "CatalogService\CatalogManagement.Service.csproj", "{41337F97-E048-44B2-BEE4-314D2FD276BC}"
EndProject
Project("{FAE04EC0-301F-11D3-BF4B-00C04F79EFBC}") = "CatalogManagement.Test", "CatalogManagement.Test\CatalogManagement.Test.csproj", "{2769A17D-00A6-49A3-BF77-C056DF242F05}"
EndProject
Global
	GlobalSection(SolutionConfigurationPlatforms) = preSolution
		Debug|Any CPU = Debug|Any CPU
		Debug|Mixed Platforms = Debug|Mixed Platforms
		Debug|x86 = Debug|x86
		Release|Any CPU = Release|Any CPU
		Release|Mixed Platforms = Release|Mixed Platforms
		Release|x86 = Release|x86
	EndGlobalSection
	GlobalSection(ProjectConfigurationPlatforms) = postSolution
		{1185572A-F6BF-46BE-83DA-0DD6AFFDF13C}.Debug|Any CPU.ActiveCfg = Debug|x86
		{1185572A-F6BF-46BE-83DA-0DD6AFFDF13C}.Debug|Mixed Platforms.ActiveCfg = Debug|x86
		{1185572A-F6BF-46BE-83DA-0DD6AFFDF13C}.Debug|Mixed Platforms.Build.0 = Debug|x86
		{1185572A-F6BF-46BE-83DA-0DD6AFFDF13C}.Debug|x86.ActiveCfg = Debug|x86
		{1185572A-F6BF-46BE-83DA-0DD6AFFDF13C}.Debug|x86.Build.0 = Debug|x86
		{1185572A-F6BF-46BE-83DA-0DD6AFFDF13C}.Release|Any CPU.ActiveCfg = Release|x86
		{1185572A-F6BF-46BE-83DA-0DD6AFFDF13C}.Release|Mixed Platforms.ActiveCfg = Release|x86
		{1185572A-F6BF-46BE-83DA-0DD6AFFDF13C}.Release|Mixed Platforms.Build.0 = Release|x86
		{1185572A-F6BF-46BE-83DA-0DD6AFFDF13C}.Release|x86.ActiveCfg = Release|x86
		{1185572A-F6BF-46BE-83DA-0DD6AFFDF13C}.Release|x86.Build.0 = Release|x86
		{41337F97-E048-44B2-BEE4-314D2FD276BC}.Debug|Any CPU.ActiveCfg = Debug|Any CPU
		{41337F97-E048-44B2-BEE4-314D2FD276BC}.Debug|Any CPU.Build.0 = Debug|Any CPU
		{41337F97-E048-44B2-BEE4-314D2FD276BC}.Debug|Mixed Platforms.ActiveCfg = Debug|Any CPU
		{41337F97-E048-44B2-BEE4-314D2FD276BC}.Debug|Mixed Platforms.Build.0 = Debug|Any CPU
		{41337F97-E048-44B2-BEE4-314D2FD276BC}.Debug|x86.ActiveCfg = Debug|Any CPU
		{41337F97-E048-44B2-BEE4-314D2FD276BC}.Release|Any CPU.ActiveCfg = Release|Any CPU
		{41337F97-E048-44B2-BEE4-314D2FD276BC}.Release|Any CPU.Build.0 = Release|Any CPU
		{41337F97-E048-44B2-BEE4-314D2FD276BC}.Release|Mixed Platforms.ActiveCfg = Release|Any CPU
		{41337F97-E048-44B2-BEE4-314D2FD276BC}.Release|Mixed Platforms.Build.0 = Release|Any CPU
		{41337F97-E048-44B2-BEE4-314D2FD276BC}.Release|x86.ActiveCfg = Release|Any CPU
		{2769A17D-00A6-49A3-BF77-C056DF242F05}.Debug|Any CPU.ActiveCfg = Debug|Any CPU
		{2769A17D-00A6-49A3-BF77-C056DF242F05}.Debug|Any CPU.Build.0 = Debug|Any CPU
		{2769A17D-00A6-49A3-BF77-C056DF242F05}.Debug|Mixed Platforms.ActiveCfg = Debug|Any CPU
		{2769A17D-00A6-49A3-BF77-C056DF242F05}.Debug|Mixed Platforms.Build.0 = Debug|Any CPU
		{2769A17D-00A6-49A3-BF77-C056DF242F05}.Debug|x86.ActiveCfg = Debug|Any CPU
		{2769A17D-00A6-49A3-BF77-C056DF242F05}.Debug|x86.Build.0 = Debug|Any CPU
		{2769A17D-00A6-49A3-BF77-C056DF242F05}.Release|Any CPU.ActiveCfg = Release|Any CPU
		{2769A17D-00A6-49A3-BF77-C056DF242F05}.Release|Any CPU.Build.0 = Release|Any CPU
		{2769A17D-00A6-49A3-BF77-C056DF242F05}.Release|Mixed Platforms.ActiveCfg = Release|Any CPU
		{2769A17D-00A6-49A3-BF77-C056DF242F05}.Release|Mixed Platforms.Build.0 = Release|Any CPU
		{2769A17D-00A6-49A3-BF77-C056DF242F05}.Release|x86.ActiveCfg = Release|Any CPU
		{2769A17D-00A6-49A3-BF77-C056DF242F05}.Release|x86.Build.0 = Release|Any CPU
	EndGlobalSection
	GlobalSection(SolutionProperties) = preSolution
		HideSolutionNode = FALSE
	EndGlobalSection
	GlobalSection(ExtensibilityGlobals) = postSolution
		SolutionGuid = {B18D4155-0678-4A11-AF62-A0C9E791E7A2}
	EndGlobalSection
EndGlobal
